{
  "version": 4,
  "terraform_version": "1.5.7",
  "serial": 12,
  "lineage": "2f98d1f9-36ca-4615-130d-29567cba3eee",
  "outputs": {},
  "resources": [
    {
      "mode": "managed",
      "type": "google_compute_address",
      "name": "static",
      "provider": "provider[\"registry.terraform.io/hashicorp/google\"]",
      "instances": [
        {
          "schema_version": 0,
          "attributes": {
            "address": "34.139.207.25",
            "address_type": "EXTERNAL",
            "creation_timestamp": "2024-01-06T07:00:09.450-08:00",
            "description": "",
            "effective_labels": {},
            "id": "projects/agor1-409007/regions/us-east1/addresses/ipv4-address",
            "ip_version": "",
            "ipv6_endpoint_type": "",
            "label_fingerprint": "42WmSpB8rSM=",
            "labels": null,
            "name": "ipv4-address",
            "network": "",
            "network_tier": "PREMIUM",
            "prefix_length": 0,
            "project": "agor1-409007",
            "purpose": "",
            "region": "us-east1",
            "self_link": "https://www.googleapis.com/compute/v1/projects/agor1-409007/regions/us-east1/addresses/ipv4-address",
            "subnetwork": "",
            "terraform_labels": {},
            "timeouts": null,
            "users": []
          },
          "sensitive_attributes": [],
          "private": "eyJlMmJmYjczMC1lY2FhLTExZTYtOGY4OC0zNDM2M2JjN2M0YzAiOnsiY3JlYXRlIjoxMjAwMDAwMDAwMDAwLCJkZWxldGUiOjEyMDAwMDAwMDAwMDAsInVwZGF0ZSI6MTIwMDAwMDAwMDAwMH19"
        }
      ]
    },
    {
      "mode": "managed",
      "type": "google_compute_instance",
      "name": "instance-2",
      "provider": "provider[\"registry.terraform.io/hashicorp/google\"]",
      "instances": [
        {
          "schema_version": 6,
          "attributes": {
            "advanced_machine_features": [],
            "allow_stopping_for_update": null,
            "attached_disk": [],
            "boot_disk": [
              {
                "auto_delete": true,
                "device_name": "instance-1",
                "disk_encryption_key_raw": "",
                "disk_encryption_key_sha256": "",
                "initialize_params": [
                  {
                    "image": "https://www.googleapis.com/compute/v1/projects/ubuntu-os-cloud/global/images/ubuntu-2204-jammy-v20231213a",
                    "labels": {},
                    "resource_manager_tags": null,
                    "size": 150,
                    "type": "pd-balanced"
                  }
                ],
                "kms_key_self_link": "",
                "mode": "READ_WRITE",
                "source": "https://www.googleapis.com/compute/v1/projects/agor1-409007/zones/us-east1-b/disks/instance-gpu"
              }
            ],
            "can_ip_forward": false,
            "confidential_instance_config": [],
            "cpu_platform": "Intel Cascade Lake",
            "current_status": "RUNNING",
            "deletion_protection": false,
            "description": "",
            "desired_status": null,
            "effective_labels": {
              "goog-ec-src": "vm_add-tf"
            },
            "enable_display": false,
            "guest_accelerator": [
              {
                "count": 1,
                "type": "https://www.googleapis.com/compute/v1/projects/agor1-409007/zones/us-east1-b/acceleratorTypes/nvidia-tesla-a100"
              }
            ],
            "hostname": "",
            "id": "projects/agor1-409007/zones/us-east1-b/instances/instance-gpu",
            "instance_id": "5907497299951801833",
            "label_fingerprint": "u__a2NSF3Cs=",
            "labels": {
              "goog-ec-src": "vm_add-tf"
            },
            "machine_type": "a2-highgpu-1g",
            "metadata": {
              "ssh-keys": "agorodilov:ssh-rsa AAAAB3NzaC1yc2EAAAADAQABAAABAQCklyTVEZ8GqPikVOTtcsPpooJ4Kr8h2fB5FTzG8s/PUAOZkcHRq90s/FfHJqTbJkk17NWL83XsqdmZavtBBP6cEDHxS8wG7xQch2yLzd95iZcjendPoA1Y2A0aon5KAL+l2nMhYaDlQiYYvJQxE2NQih4S5YznfhfdzyaiPkRe7xnm0HO88Ef0M0LrqCETUf9hyU5VH1ClB5VhDp4gTtSrmR+8/4cJYhbcvGBCXF1NlV13EwLgKTHP6JE5ZyABawqt53GrlO2pF46orMoCAnAf6oVjXdVp8v35FioQk3d+lHfN3M/+YmhCOJTz9gF4W9XjQHZbrYt1dw0XxzPzMrJV agorodilov@Mac-mini-Alexey.local"
            },
            "metadata_fingerprint": "NGGX6ylu-Oc=",
            "metadata_startup_script": null,
            "min_cpu_platform": "",
            "name": "instance-gpu",
            "network_interface": [
              {
                "access_config": [
                  {
                    "nat_ip": "34.139.207.25",
                    "network_tier": "PREMIUM",
                    "public_ptr_domain_name": ""
                  }
                ],
                "alias_ip_range": [],
                "internal_ipv6_prefix_length": 0,
                "ipv6_access_config": [],
                "ipv6_access_type": "",
                "ipv6_address": "",
                "name": "nic0",
                "network": "https://www.googleapis.com/compute/v1/projects/agor1-409007/global/networks/default",
                "network_ip": "10.142.0.4",
                "nic_type": "",
                "queue_count": 0,
                "stack_type": "IPV4_ONLY",
                "subnetwork": "https://www.googleapis.com/compute/v1/projects/agor1-409007/regions/us-east1/subnetworks/default",
                "subnetwork_project": "agor1-409007"
              }
            ],
            "network_performance_config": [],
            "params": [],
            "project": "agor1-409007",
            "reservation_affinity": [],
            "resource_policies": null,
            "scheduling": [
              {
                "automatic_restart": false,
                "instance_termination_action": "STOP",
                "local_ssd_recovery_timeout": [],
                "min_node_cpus": 0,
                "node_affinities": [],
                "on_host_maintenance": "TERMINATE",
                "preemptible": true,
                "provisioning_model": "SPOT"
              }
            ],
            "scratch_disk": [],
            "self_link": "https://www.googleapis.com/compute/v1/projects/agor1-409007/zones/us-east1-b/instances/instance-gpu",
            "service_account": [],
            "shielded_instance_config": [
              {
                "enable_integrity_monitoring": true,
                "enable_secure_boot": false,
                "enable_vtpm": true
              }
            ],
            "tags": null,
            "tags_fingerprint": "42WmSpB8rSM=",
            "terraform_labels": {
              "goog-ec-src": "vm_add-tf"
            },
            "timeouts": null,
            "zone": "us-east1-b"
          },
          "sensitive_attributes": [],
          "private": "eyJlMmJmYjczMC1lY2FhLTExZTYtOGY4OC0zNDM2M2JjN2M0YzAiOnsiY3JlYXRlIjoxMjAwMDAwMDAwMDAwLCJkZWxldGUiOjEyMDAwMDAwMDAwMDAsInVwZGF0ZSI6MTIwMDAwMDAwMDAwMH0sInNjaGVtYV92ZXJzaW9uIjoiNiJ9",
          "dependencies": [
            "google_compute_address.static"
          ]
        }
      ]
    }
  ],
  "check_results": null
}
